
Microsoft Visual Studio Solution File, Format Version 12.00
# Visual Studio Version 16
VisualStudioVersion = 16.0.29215.179
MinimumVisualStudioVersion = 10.0.40219.1
Project("{9A19103F-16F7-4668-BE54-9A1E7A4F7556}") = "ControlSystem.BL.Auth", "CpontrollSystem.BL\ControlSystem.BL.Auth.csproj", "{174EE1F1-0288-4583-8CA5-FBEA7299588C}"
EndProject
Project("{9A19103F-16F7-4668-BE54-9A1E7A4F7556}") = "ControlSystem.DAL.Auth", "ControllSystem.DAL\ControlSystem.DAL.Auth.csproj", "{DE3B67F8-9984-4C26-A711-274B74794306}"
EndProject
Project("{9A19103F-16F7-4668-BE54-9A1E7A4F7556}") = "ControlSystem.Contracts", "ControlSystem.Contracts\ControlSystem.Contracts.csproj", "{317C23E8-3C5D-445D-A20E-BEB820341DF2}"
EndProject
Project("{9A19103F-16F7-4668-BE54-9A1E7A4F7556}") = "ControlSystem.Middleware", "ControlSystem.Midleware\ControlSystem.Middleware.csproj", "{2E1B5668-9A68-4DD4-B717-58B2FC94365B}"
EndProject
Project("{2150E333-8FDC-42A3-9474-1A3956D46DE8}") = "Auth", "Auth", "{88F2D5CC-C9C2-447B-A092-4506F3EADDF2}"
EndProject
Project("{2150E333-8FDC-42A3-9474-1A3956D46DE8}") = "Device", "Device", "{887D365A-4064-406B-B25A-EB72344F4BF5}"
EndProject
Project("{2150E333-8FDC-42A3-9474-1A3956D46DE8}") = "User", "User", "{672ABAC0-BF36-4A6A-BE69-714613469B1E}"
EndProject
Project("{9A19103F-16F7-4668-BE54-9A1E7A4F7556}") = "ControlSystem.BL.User", "ControlSystem.Bl.User\ControlSystem.BL.User.csproj", "{3BC13EF1-AC78-43B9-8AE6-3FB8176D1F3C}"
EndProject
Project("{9A19103F-16F7-4668-BE54-9A1E7A4F7556}") = "ControlSystem.DAL.User", "ControlSystem.DAL.User\ControlSystem.DAL.User.csproj", "{BC7647B1-FD09-4726-BCDB-367C55F63A55}"
EndProject
Project("{9A19103F-16F7-4668-BE54-9A1E7A4F7556}") = "ControlSystem.BL.Device", "ControlSystem.BL.Device\ControlSystem.BL.Device.csproj", "{A08E7388-1AE0-4254-94BF-F07B335BA7FE}"
EndProject
Project("{9A19103F-16F7-4668-BE54-9A1E7A4F7556}") = "ControlSystem.DAL.Device", "ControlSystem.DAL.Device\ControlSystem.DAL.Device.csproj", "{66EF54A0-74CD-4A85-A898-262801A52DAD}"
EndProject
Project("{2150E333-8FDC-42A3-9474-1A3956D46DE8}") = "Disease", "Disease", "{CF7D4719-995D-46A1-846D-EA2F718B6348}"
EndProject
Project("{9A19103F-16F7-4668-BE54-9A1E7A4F7556}") = "ControlSystem.BL.Disease", "ControlSystem.BL.Disease\ControlSystem.BL.Disease.csproj", "{93BD0ADC-1172-4C95-9C9F-A0BC545A8E98}"
EndProject
Project("{9A19103F-16F7-4668-BE54-9A1E7A4F7556}") = "ControlSystem.DAL.Disease", "ControlSystem.DAL.Disease\ControlSystem.DAL.Disease.csproj", "{34FD36AF-6DC8-4A44-BA54-BE45BB5A3F11}"
EndProject
Project("{9A19103F-16F7-4668-BE54-9A1E7A4F7556}") = "ControlSystem.WebApi.Auth.AWS", "ControlSystem.WebApi.Auth.AWS\ControlSystem.WebApi.Auth.AWS.csproj", "{D3C5185E-5C3B-495C-B223-BA5AFB4F5F6B}"
EndProject
Project("{9A19103F-16F7-4668-BE54-9A1E7A4F7556}") = "ControlSystem.WebApi.Disease.AWS", "ControlSystem.WebApi.Disease.AWS\ControlSystem.WebApi.Disease.AWS.csproj", "{307EE209-AF30-4C81-B587-8F044198880D}"
EndProject
Project("{9A19103F-16F7-4668-BE54-9A1E7A4F7556}") = "ControlSystem.WebApi.Device.AWS", "ControlSystem.WebApi.Device.AWS\ControlSystem.WebApi.Device.AWS.csproj", "{1E221C84-AD97-49C3-9BEE-38E4A06F0E36}"
EndProject
Project("{9A19103F-16F7-4668-BE54-9A1E7A4F7556}") = "ControlSystem.WebApi.User.AWS", "ControlSystem.WebApi.User.AWS\ControlSystem.WebApi.User.AWS.csproj", "{9F15EE11-0690-4124-9F3D-498849CD4A05}"
EndProject
Global
	GlobalSection(SolutionConfigurationPlatforms) = preSolution
		Debug|Any CPU = Debug|Any CPU
		Release|Any CPU = Release|Any CPU
	EndGlobalSection
	GlobalSection(ProjectConfigurationPlatforms) = postSolution
		{174EE1F1-0288-4583-8CA5-FBEA7299588C}.Debug|Any CPU.ActiveCfg = Debug|Any CPU
		{174EE1F1-0288-4583-8CA5-FBEA7299588C}.Debug|Any CPU.Build.0 = Debug|Any CPU
		{174EE1F1-0288-4583-8CA5-FBEA7299588C}.Release|Any CPU.ActiveCfg = Release|Any CPU
		{174EE1F1-0288-4583-8CA5-FBEA7299588C}.Release|Any CPU.Build.0 = Release|Any CPU
		{DE3B67F8-9984-4C26-A711-274B74794306}.Debug|Any CPU.ActiveCfg = Debug|Any CPU
		{DE3B67F8-9984-4C26-A711-274B74794306}.Debug|Any CPU.Build.0 = Debug|Any CPU
		{DE3B67F8-9984-4C26-A711-274B74794306}.Release|Any CPU.ActiveCfg = Release|Any CPU
		{DE3B67F8-9984-4C26-A711-274B74794306}.Release|Any CPU.Build.0 = Release|Any CPU
		{317C23E8-3C5D-445D-A20E-BEB820341DF2}.Debug|Any CPU.ActiveCfg = Debug|Any CPU
		{317C23E8-3C5D-445D-A20E-BEB820341DF2}.Debug|Any CPU.Build.0 = Debug|Any CPU
		{317C23E8-3C5D-445D-A20E-BEB820341DF2}.Release|Any CPU.ActiveCfg = Release|Any CPU
		{317C23E8-3C5D-445D-A20E-BEB820341DF2}.Release|Any CPU.Build.0 = Release|Any CPU
		{2E1B5668-9A68-4DD4-B717-58B2FC94365B}.Debug|Any CPU.ActiveCfg = Debug|Any CPU
		{2E1B5668-9A68-4DD4-B717-58B2FC94365B}.Debug|Any CPU.Build.0 = Debug|Any CPU
		{2E1B5668-9A68-4DD4-B717-58B2FC94365B}.Release|Any CPU.ActiveCfg = Release|Any CPU
		{2E1B5668-9A68-4DD4-B717-58B2FC94365B}.Release|Any CPU.Build.0 = Release|Any CPU
		{3BC13EF1-AC78-43B9-8AE6-3FB8176D1F3C}.Debug|Any CPU.ActiveCfg = Debug|Any CPU
		{3BC13EF1-AC78-43B9-8AE6-3FB8176D1F3C}.Debug|Any CPU.Build.0 = Debug|Any CPU
		{3BC13EF1-AC78-43B9-8AE6-3FB8176D1F3C}.Release|Any CPU.ActiveCfg = Release|Any CPU
		{3BC13EF1-AC78-43B9-8AE6-3FB8176D1F3C}.Release|Any CPU.Build.0 = Release|Any CPU
		{BC7647B1-FD09-4726-BCDB-367C55F63A55}.Debug|Any CPU.ActiveCfg = Debug|Any CPU
		{BC7647B1-FD09-4726-BCDB-367C55F63A55}.Debug|Any CPU.Build.0 = Debug|Any CPU
		{BC7647B1-FD09-4726-BCDB-367C55F63A55}.Release|Any CPU.ActiveCfg = Release|Any CPU
		{BC7647B1-FD09-4726-BCDB-367C55F63A55}.Release|Any CPU.Build.0 = Release|Any CPU
		{A08E7388-1AE0-4254-94BF-F07B335BA7FE}.Debug|Any CPU.ActiveCfg = Debug|Any CPU
		{A08E7388-1AE0-4254-94BF-F07B335BA7FE}.Debug|Any CPU.Build.0 = Debug|Any CPU
		{A08E7388-1AE0-4254-94BF-F07B335BA7FE}.Release|Any CPU.ActiveCfg = Release|Any CPU
		{A08E7388-1AE0-4254-94BF-F07B335BA7FE}.Release|Any CPU.Build.0 = Release|Any CPU
		{66EF54A0-74CD-4A85-A898-262801A52DAD}.Debug|Any CPU.ActiveCfg = Debug|Any CPU
		{66EF54A0-74CD-4A85-A898-262801A52DAD}.Debug|Any CPU.Build.0 = Debug|Any CPU
		{66EF54A0-74CD-4A85-A898-262801A52DAD}.Release|Any CPU.ActiveCfg = Release|Any CPU
		{66EF54A0-74CD-4A85-A898-262801A52DAD}.Release|Any CPU.Build.0 = Release|Any CPU
		{93BD0ADC-1172-4C95-9C9F-A0BC545A8E98}.Debug|Any CPU.ActiveCfg = Debug|Any CPU
		{93BD0ADC-1172-4C95-9C9F-A0BC545A8E98}.Debug|Any CPU.Build.0 = Debug|Any CPU
		{93BD0ADC-1172-4C95-9C9F-A0BC545A8E98}.Release|Any CPU.ActiveCfg = Release|Any CPU
		{93BD0ADC-1172-4C95-9C9F-A0BC545A8E98}.Release|Any CPU.Build.0 = Release|Any CPU
		{34FD36AF-6DC8-4A44-BA54-BE45BB5A3F11}.Debug|Any CPU.ActiveCfg = Debug|Any CPU
		{34FD36AF-6DC8-4A44-BA54-BE45BB5A3F11}.Debug|Any CPU.Build.0 = Debug|Any CPU
		{34FD36AF-6DC8-4A44-BA54-BE45BB5A3F11}.Release|Any CPU.ActiveCfg = Release|Any CPU
		{34FD36AF-6DC8-4A44-BA54-BE45BB5A3F11}.Release|Any CPU.Build.0 = Release|Any CPU
		{D3C5185E-5C3B-495C-B223-BA5AFB4F5F6B}.Debug|Any CPU.ActiveCfg = Debug|Any CPU
		{D3C5185E-5C3B-495C-B223-BA5AFB4F5F6B}.Debug|Any CPU.Build.0 = Debug|Any CPU
		{D3C5185E-5C3B-495C-B223-BA5AFB4F5F6B}.Release|Any CPU.ActiveCfg = Release|Any CPU
		{D3C5185E-5C3B-495C-B223-BA5AFB4F5F6B}.Release|Any CPU.Build.0 = Release|Any CPU
		{307EE209-AF30-4C81-B587-8F044198880D}.Debug|Any CPU.ActiveCfg = Debug|Any CPU
		{307EE209-AF30-4C81-B587-8F044198880D}.Debug|Any CPU.Build.0 = Debug|Any CPU
		{307EE209-AF30-4C81-B587-8F044198880D}.Release|Any CPU.ActiveCfg = Release|Any CPU
		{307EE209-AF30-4C81-B587-8F044198880D}.Release|Any CPU.Build.0 = Release|Any CPU
		{1E221C84-AD97-49C3-9BEE-38E4A06F0E36}.Debug|Any CPU.ActiveCfg = Debug|Any CPU
		{1E221C84-AD97-49C3-9BEE-38E4A06F0E36}.Debug|Any CPU.Build.0 = Debug|Any CPU
		{1E221C84-AD97-49C3-9BEE-38E4A06F0E36}.Release|Any CPU.ActiveCfg = Release|Any CPU
		{1E221C84-AD97-49C3-9BEE-38E4A06F0E36}.Release|Any CPU.Build.0 = Release|Any CPU
		{9F15EE11-0690-4124-9F3D-498849CD4A05}.Debug|Any CPU.ActiveCfg = Debug|Any CPU
		{9F15EE11-0690-4124-9F3D-498849CD4A05}.Debug|Any CPU.Build.0 = Debug|Any CPU
		{9F15EE11-0690-4124-9F3D-498849CD4A05}.Release|Any CPU.ActiveCfg = Release|Any CPU
		{9F15EE11-0690-4124-9F3D-498849CD4A05}.Release|Any CPU.Build.0 = Release|Any CPU
	EndGlobalSection
	GlobalSection(SolutionProperties) = preSolution
		HideSolutionNode = FALSE
	EndGlobalSection
	GlobalSection(NestedProjects) = preSolution
		{174EE1F1-0288-4583-8CA5-FBEA7299588C} = {88F2D5CC-C9C2-447B-A092-4506F3EADDF2}
		{DE3B67F8-9984-4C26-A711-274B74794306} = {88F2D5CC-C9C2-447B-A092-4506F3EADDF2}
		{3BC13EF1-AC78-43B9-8AE6-3FB8176D1F3C} = {672ABAC0-BF36-4A6A-BE69-714613469B1E}
		{BC7647B1-FD09-4726-BCDB-367C55F63A55} = {672ABAC0-BF36-4A6A-BE69-714613469B1E}
		{A08E7388-1AE0-4254-94BF-F07B335BA7FE} = {887D365A-4064-406B-B25A-EB72344F4BF5}
		{66EF54A0-74CD-4A85-A898-262801A52DAD} = {887D365A-4064-406B-B25A-EB72344F4BF5}
		{93BD0ADC-1172-4C95-9C9F-A0BC545A8E98} = {CF7D4719-995D-46A1-846D-EA2F718B6348}
		{34FD36AF-6DC8-4A44-BA54-BE45BB5A3F11} = {CF7D4719-995D-46A1-846D-EA2F718B6348}
		{D3C5185E-5C3B-495C-B223-BA5AFB4F5F6B} = {88F2D5CC-C9C2-447B-A092-4506F3EADDF2}
		{307EE209-AF30-4C81-B587-8F044198880D} = {CF7D4719-995D-46A1-846D-EA2F718B6348}
		{1E221C84-AD97-49C3-9BEE-38E4A06F0E36} = {887D365A-4064-406B-B25A-EB72344F4BF5}
		{9F15EE11-0690-4124-9F3D-498849CD4A05} = {672ABAC0-BF36-4A6A-BE69-714613469B1E}
	EndGlobalSection
	GlobalSection(ExtensibilityGlobals) = postSolution
		SolutionGuid = {0B7A9006-9E03-49EF-937F-9172E67B1151}
	EndGlobalSection
EndGlobal
